
Microsoft Visual Studio Solution File, Format Version 12.00
# Visual Studio Version 16
VisualStudioVersion = 16.0.31424.327
MinimumVisualStudioVersion = 10.0.40219.1
Project("{FAE04EC0-301F-11D3-BF4B-00C04F79EFBC}") = "RMS", "RMS\RMS.csproj", "{BB445798-4020-4FDF-A62C-847604F302FF}"
EndProject
Project("{FAE04EC0-301F-11D3-BF4B-00C04F79EFBC}") = "DatabaseLayer", "DatabaseLayer\DatabaseLayer.csproj", "{1AFAB1B0-B8DC-4D92-B075-BFB0BEA2A8E6}"
EndProject
Global
	GlobalSection(SolutionConfigurationPlatforms) = preSolution
		Debug|Any CPU = Debug|Any CPU
		Release|Any CPU = Release|Any CPU
	EndGlobalSection
	GlobalSection(ProjectConfigurationPlatforms) = postSolution
		{BB445798-4020-4FDF-A62C-847604F302FF}.Debug|Any CPU.ActiveCfg = Debug|Any CPU
		{BB445798-4020-4FDF-A62C-847604F302FF}.Debug|Any CPU.Build.0 = Debug|Any CPU
		{BB445798-4020-4FDF-A62C-847604F302FF}.Release|Any CPU.ActiveCfg = Release|Any CPU
		{BB445798-4020-4FDF-A62C-847604F302FF}.Release|Any CPU.Build.0 = Release|Any CPU
		{1AFAB1B0-B8DC-4D92-B075-BFB0BEA2A8E6}.Debug|Any CPU.ActiveCfg = Debug|Any CPU
		{1AFAB1B0-B8DC-4D92-B075-BFB0BEA2A8E6}.Debug|Any CPU.Build.0 = Debug|Any CPU
		{1AFAB1B0-B8DC-4D92-B075-BFB0BEA2A8E6}.Release|Any CPU.ActiveCfg = Release|Any CPU
		{1AFAB1B0-B8DC-4D92-B075-BFB0BEA2A8E6}.Release|Any CPU.Build.0 = Release|Any CPU
	EndGlobalSection
	GlobalSection(SolutionProperties) = preSolution
		HideSolutionNode = FALSE
	EndGlobalSection
	GlobalSection(ExtensibilityGlobals) = postSolution
		SolutionGuid = {2BC4BFD3-C27F-4AF6-80F1-6031D2971EA6}
	EndGlobalSection
EndGlobal
